
Microsoft Visual Studio Solution File, Format Version 12.00
# Visual Studio 15
VisualStudioVersion = 15.0.27004.2002
MinimumVisualStudioVersion = 10.0.40219.1
Project("{8BC9CEB8-8B4A-11D0-8D11-00A0C91BC942}") = "gd_challenge_oct_2017", "gd_challenge_oct_2017\gd_challenge_oct_2017.vcxproj", "{A417A80B-C885-456F-9D29-00CACAAEC4A3}"
EndProject
Project("{2150E333-8FDC-42A3-9474-1A3956D46DE8}") = "docs", "docs", "{3D66EA32-19FC-43B7-B7B3-51E6661E39D6}"
	ProjectSection(SolutionItems) = preProject
		docs\bubble_bobble.png = docs\bubble_bobble.png
		docs\challenge-description.txt = docs\challenge-description.txt
		docs\super_mario_bros.png = docs\super_mario_bros.png
		docs\todo.txt = docs\todo.txt
	EndProjectSection
EndProject
Project("{8BC9CEB8-8B4A-11D0-8D11-00A0C91BC942}") = "engine", "engine\engine.vcxproj", "{C908AA28-CDC6-4882-A798-C95874B079FF}"
EndProject
Global
	GlobalSection(SolutionConfigurationPlatforms) = preSolution
		Debug|x64 = Debug|x64
		Debug|x86 = Debug|x86
		Release|x64 = Release|x64
		Release|x86 = Release|x86
	EndGlobalSection
	GlobalSection(ProjectConfigurationPlatforms) = postSolution
		{A417A80B-C885-456F-9D29-00CACAAEC4A3}.Debug|x64.ActiveCfg = Debug|x64
		{A417A80B-C885-456F-9D29-00CACAAEC4A3}.Debug|x64.Build.0 = Debug|x64
		{A417A80B-C885-456F-9D29-00CACAAEC4A3}.Debug|x86.ActiveCfg = Debug|Win32
		{A417A80B-C885-456F-9D29-00CACAAEC4A3}.Debug|x86.Build.0 = Debug|Win32
		{A417A80B-C885-456F-9D29-00CACAAEC4A3}.Release|x64.ActiveCfg = Release|x64
		{A417A80B-C885-456F-9D29-00CACAAEC4A3}.Release|x64.Build.0 = Release|x64
		{A417A80B-C885-456F-9D29-00CACAAEC4A3}.Release|x86.ActiveCfg = Release|Win32
		{A417A80B-C885-456F-9D29-00CACAAEC4A3}.Release|x86.Build.0 = Release|Win32
		{C908AA28-CDC6-4882-A798-C95874B079FF}.Debug|x64.ActiveCfg = Debug|x64
		{C908AA28-CDC6-4882-A798-C95874B079FF}.Debug|x64.Build.0 = Debug|x64
		{C908AA28-CDC6-4882-A798-C95874B079FF}.Debug|x86.ActiveCfg = Debug|Win32
		{C908AA28-CDC6-4882-A798-C95874B079FF}.Debug|x86.Build.0 = Debug|Win32
		{C908AA28-CDC6-4882-A798-C95874B079FF}.Release|x64.ActiveCfg = Release|x64
		{C908AA28-CDC6-4882-A798-C95874B079FF}.Release|x64.Build.0 = Release|x64
		{C908AA28-CDC6-4882-A798-C95874B079FF}.Release|x86.ActiveCfg = Release|Win32
		{C908AA28-CDC6-4882-A798-C95874B079FF}.Release|x86.Build.0 = Release|Win32
	EndGlobalSection
	GlobalSection(SolutionProperties) = preSolution
		HideSolutionNode = FALSE
	EndGlobalSection
	GlobalSection(ExtensibilityGlobals) = postSolution
		SolutionGuid = {CA3AC922-9DB7-4E3F-A9D1-B44858CACB70}
	EndGlobalSection
EndGlobal
