<?xml version="1.0" encoding="utf-8"?>
<Project ToolsVersion="4.0" xmlns="http://schemas.microsoft.com/developer/msbuild/2003">
  <ItemGroup>
    <ClCompile Include="main.cpp" />
    <ClCompile Include="game.cpp" />
    <ClCompile Include="final_maths.cpp" />
    <ClCompile Include="final_opengl.cpp" />
    <ClCompile Include="final_tiletrace.cpp" />
  </ItemGroup>
  <ItemGroup>
    <ClInclude Include="final_types.h" />
    <ClInclude Include="dependencies\include\final_platform_layer.hpp">
      <Filter>dependencies</Filter>
    </ClInclude>
    <ClInclude Include="final_maths.h" />
    <ClInclude Include="final_input.h" />
    <ClInclude Include="final_utils.h" />
    <ClInclude Include="game.h" />
    <ClInclude Include="final_render.h" />
    <ClInclude Include="dependencies\include\stb_easy_font.h">
      <Filter>dependencies</Filter>
    </ClInclude>
    <ClInclude Include="dependencies\include\stb_image.h">
      <Filter>dependencies</Filter>
    </ClInclude>
    <ClInclude Include="dependencies\include\stb_truetype.h">
      <Filter>dependencies</Filter>
    </ClInclude>
    <ClInclude Include="final_opengl.h" />
    <ClInclude Include="final_tiletrace.h" />
  </ItemGroup>
  <ItemGroup>
    <Filter Include="dependencies">
      <UniqueIdentifier>{87dbb13c-7542-4b73-bb9a-ce6e180666c2}</UniqueIdentifier>
    </Filter>
  </ItemGroup>
</Project>