<?xml version="1.0" encoding="utf-8"?>
<Project ToolsVersion="4.0" xmlns="http://schemas.microsoft.com/developer/msbuild/2003">
  <ItemGroup>
    <ClCompile Include="main.cpp" />
    <ClCompile Include="game.cpp" />
    <ClCompile Include="final_maths.cpp" />
    <ClCompile Include="final_opengl.cpp" />
    <ClCompile Include="..\dependencies\include\imgui\imgui.cpp">
      <Filter>dependencies\imgui</Filter>
    </ClCompile>
    <ClCompile Include="..\dependencies\include\imgui\imgui_draw.cpp">
      <Filter>dependencies\imgui</Filter>
    </ClCompile>
    <ClCompile Include="..\dependencies\include\imgui\imgui_demo.cpp">
      <Filter>dependencies\imgui</Filter>
    </ClCompile>
  </ItemGroup>
  <ItemGroup>
    <ClInclude Include="final_types.h" />
    <ClInclude Include="final_maths.h" />
    <ClInclude Include="final_input.h" />
    <ClInclude Include="final_utils.h" />
    <ClInclude Include="game.h" />
    <ClInclude Include="final_opengl.h" />
    <ClInclude Include="final_renderer.h" />
    <ClInclude Include="..\dependencies\include\imgui\imconfig.h">
      <Filter>dependencies\imgui</Filter>
    </ClInclude>
    <ClInclude Include="..\dependencies\include\imgui\imgui.h">
      <Filter>dependencies\imgui</Filter>
    </ClInclude>
    <ClInclude Include="..\dependencies\include\imgui\imgui_internal.h">
      <Filter>dependencies\imgui</Filter>
    </ClInclude>
    <ClInclude Include="..\dependencies\include\final_platform_layer.hpp">
      <Filter>dependencies</Filter>
    </ClInclude>
    <ClInclude Include="..\dependencies\include\final_tiletrace.hpp">
      <Filter>dependencies</Filter>
    </ClInclude>
    <ClInclude Include="..\dependencies\include\stb_image.h">
      <Filter>dependencies</Filter>
    </ClInclude>
    <ClInclude Include="..\dependencies\include\stb_truetype.h">
      <Filter>dependencies</Filter>
    </ClInclude>
  </ItemGroup>
  <ItemGroup>
    <Filter Include="dependencies">
      <UniqueIdentifier>{3480bc80-2f9d-4b3f-ace9-5ec805a73f9f}</UniqueIdentifier>
    </Filter>
    <Filter Include="dependencies\imgui">
      <UniqueIdentifier>{8a23de96-c810-41fb-bb33-fc13df24dde5}</UniqueIdentifier>
    </Filter>
  </ItemGroup>
</Project>